
Microsoft Visual Studio Solution File, Format Version 12.00
# Visual Studio Version 17
VisualStudioVersion = 17.1.32421.90
MinimumVisualStudioVersion = 10.0.40219.1
Project("{FAE04EC0-301F-11D3-BF4B-00C04F79EFBC}") = "Lab_1", "Lab_1\Lab_1.csproj", "{3132ED6A-6B15-4D60-9BDA-CA230B04EE33}"
EndProject
Project("{FAE04EC0-301F-11D3-BF4B-00C04F79EFBC}") = "Lab_2", "Lab_2\Lab_2.csproj", "{EEC22EE9-AB5A-440B-8597-6124DFC1C778}"
EndProject
Project("{FAE04EC0-301F-11D3-BF4B-00C04F79EFBC}") = "Lab_3", "Lab_3\Lab_3.csproj", "{27A57051-4EB0-401B-B0B2-D83EF23CB937}"
EndProject
Project("{9A19103F-16F7-4668-BE54-9A1E7A4F7556}") = "Lab_6", "Lab_6\Lab_6.csproj", "{611C81B5-E0F0-45A0-BBDF-942CBB177729}"
EndProject
Project("{9A19103F-16F7-4668-BE54-9A1E7A4F7556}") = "Lab_5", "Lab_5\Lab_5.csproj", "{6E202699-F6B9-4A41-9F98-4A6247C4A537}"
EndProject
Project("{FAE04EC0-301F-11D3-BF4B-00C04F79EFBC}") = "Lab_4", "Lab_4\Lab_4.csproj", "{8B4D9707-7063-407E-99E0-995888409994}"
EndProject
Global
	GlobalSection(SolutionConfigurationPlatforms) = preSolution
		Debug|Any CPU = Debug|Any CPU
		Release|Any CPU = Release|Any CPU
	EndGlobalSection
	GlobalSection(ProjectConfigurationPlatforms) = postSolution
		{3132ED6A-6B15-4D60-9BDA-CA230B04EE33}.Debug|Any CPU.ActiveCfg = Debug|Any CPU
		{3132ED6A-6B15-4D60-9BDA-CA230B04EE33}.Debug|Any CPU.Build.0 = Debug|Any CPU
		{3132ED6A-6B15-4D60-9BDA-CA230B04EE33}.Release|Any CPU.ActiveCfg = Release|Any CPU
		{3132ED6A-6B15-4D60-9BDA-CA230B04EE33}.Release|Any CPU.Build.0 = Release|Any CPU
		{EEC22EE9-AB5A-440B-8597-6124DFC1C778}.Debug|Any CPU.ActiveCfg = Debug|Any CPU
		{EEC22EE9-AB5A-440B-8597-6124DFC1C778}.Debug|Any CPU.Build.0 = Debug|Any CPU
		{EEC22EE9-AB5A-440B-8597-6124DFC1C778}.Release|Any CPU.ActiveCfg = Release|Any CPU
		{EEC22EE9-AB5A-440B-8597-6124DFC1C778}.Release|Any CPU.Build.0 = Release|Any CPU
		{27A57051-4EB0-401B-B0B2-D83EF23CB937}.Debug|Any CPU.ActiveCfg = Debug|Any CPU
		{27A57051-4EB0-401B-B0B2-D83EF23CB937}.Debug|Any CPU.Build.0 = Debug|Any CPU
		{27A57051-4EB0-401B-B0B2-D83EF23CB937}.Release|Any CPU.ActiveCfg = Release|Any CPU
		{27A57051-4EB0-401B-B0B2-D83EF23CB937}.Release|Any CPU.Build.0 = Release|Any CPU
		{611C81B5-E0F0-45A0-BBDF-942CBB177729}.Debug|Any CPU.ActiveCfg = Debug|Any CPU
		{611C81B5-E0F0-45A0-BBDF-942CBB177729}.Debug|Any CPU.Build.0 = Debug|Any CPU
		{611C81B5-E0F0-45A0-BBDF-942CBB177729}.Release|Any CPU.ActiveCfg = Release|Any CPU
		{611C81B5-E0F0-45A0-BBDF-942CBB177729}.Release|Any CPU.Build.0 = Release|Any CPU
		{6E202699-F6B9-4A41-9F98-4A6247C4A537}.Debug|Any CPU.ActiveCfg = Debug|Any CPU
		{6E202699-F6B9-4A41-9F98-4A6247C4A537}.Debug|Any CPU.Build.0 = Debug|Any CPU
		{6E202699-F6B9-4A41-9F98-4A6247C4A537}.Release|Any CPU.ActiveCfg = Release|Any CPU
		{6E202699-F6B9-4A41-9F98-4A6247C4A537}.Release|Any CPU.Build.0 = Release|Any CPU
		{8B4D9707-7063-407E-99E0-995888409994}.Debug|Any CPU.ActiveCfg = Debug|Any CPU
		{8B4D9707-7063-407E-99E0-995888409994}.Debug|Any CPU.Build.0 = Debug|Any CPU
		{8B4D9707-7063-407E-99E0-995888409994}.Release|Any CPU.ActiveCfg = Release|Any CPU
		{8B4D9707-7063-407E-99E0-995888409994}.Release|Any CPU.Build.0 = Release|Any CPU
	EndGlobalSection
	GlobalSection(SolutionProperties) = preSolution
		HideSolutionNode = FALSE
	EndGlobalSection
	GlobalSection(ExtensibilityGlobals) = postSolution
		SolutionGuid = {AF343378-DD36-41AF-8112-A3D005F0AE80}
	EndGlobalSection
EndGlobal
